// !$*UTF8*$!
{
	archiveVersion = 1;
	classes = {
	};
	objectVersion = 50;
	objects = {

/* Begin PBXBuildFile section */
		623CBD977D0C097165A9452B /* libPods-OCTestUITests.a in Frameworks */ = {isa = PBXBuildFile; fileRef = 307C7A1326BB765E91A3F404 /* libPods-OCTestUITests.a */; };
		7824B6C3EF77CDC1CEDAC7DF /* libPods-OCTest.a in Frameworks */ = {isa = PBXBuildFile; fileRef = D39C2A3A0B751896865E97A1 /* libPods-OCTest.a */; };
		BF694BFE2264336100B4DD58 /* AppDelegate.m in Sources */ = {isa = PBXBuildFile; fileRef = BF694BFD2264336100B4DD58 /* AppDelegate.m */; };
		BF694C012264336100B4DD58 /* ViewController.m in Sources */ = {isa = PBXBuildFile; fileRef = BF694C002264336100B4DD58 /* ViewController.m */; };
		BF694C042264336100B4DD58 /* Main.storyboard in Resources */ = {isa = PBXBuildFile; fileRef = BF694C022264336100B4DD58 /* Main.storyboard */; };
		BF694C062264336300B4DD58 /* Assets.xcassets in Resources */ = {isa = PBXBuildFile; fileRef = BF694C052264336300B4DD58 /* Assets.xcassets */; };
		BF694C092264336300B4DD58 /* LaunchScreen.storyboard in Resources */ = {isa = PBXBuildFile; fileRef = BF694C072264336300B4DD58 /* LaunchScreen.storyboard */; };
		BF694C0C2264336300B4DD58 /* main.m in Sources */ = {isa = PBXBuildFile; fileRef = BF694C0B2264336300B4DD58 /* main.m */; };
		BF694C162264336300B4DD58 /* OCTestTests.m in Sources */ = {isa = PBXBuildFile; fileRef = BF694C152264336300B4DD58 /* OCTestTests.m */; };
		BF694C212264336300B4DD58 /* OCTestUITests.m in Sources */ = {isa = PBXBuildFile; fileRef = BF694C202264336300B4DD58 /* OCTestUITests.m */; };
		BF694C302264337700B4DD58 /* TestModelA.m in Sources */ = {isa = PBXBuildFile; fileRef = BF694C2F2264337700B4DD58 /* TestModelA.m */; };
		BF694C332264338600B4DD58 /* TestModelB.m in Sources */ = {isa = PBXBuildFile; fileRef = BF694C322264338600B4DD58 /* TestModelB.m */; };
		BF694C3622657CDC00B4DD58 /* CpuUsage.m in Sources */ = {isa = PBXBuildFile; fileRef = BF694C3522657CDC00B4DD58 /* CpuUsage.m */; };
		BF694C392265893E00B4DD58 /* FPSMonitor.m in Sources */ = {isa = PBXBuildFile; fileRef = BF694C382265893E00B4DD58 /* FPSMonitor.m */; };
		BF694C3C2265B3DA00B4DD58 /* MemoryUsage.m in Sources */ = {isa = PBXBuildFile; fileRef = BF694C3B2265B3DA00B4DD58 /* MemoryUsage.m */; };
		BF694C3F2265D7F300B4DD58 /* PerformanceMonitor.m in Sources */ = {isa = PBXBuildFile; fileRef = BF694C3E2265D7F300B4DD58 /* PerformanceMonitor.m */; };
		BFD3F68C237E802200E949A1 /* CustomConcurrentOperation.m in Sources */ = {isa = PBXBuildFile; fileRef = BFD3F68B237E802200E949A1 /* CustomConcurrentOperation.m */; };
		F8077B79441681293505E57E /* libPods-OCTestTests.a in Frameworks */ = {isa = PBXBuildFile; fileRef = 7213667AFA1EE484506BD788 /* libPods-OCTestTests.a */; };
/* End PBXBuildFile section */

/* Begin PBXContainerItemProxy section */
		BF694C122264336300B4DD58 /* PBXContainerItemProxy */ = {
			isa = PBXContainerItemProxy;
			containerPortal = BF694BF12264336100B4DD58 /* Project object */;
			proxyType = 1;
			remoteGlobalIDString = BF694BF82264336100B4DD58;
			remoteInfo = OCTest;
		};
		BF694C1D2264336300B4DD58 /* PBXContainerItemProxy */ = {
			isa = PBXContainerItemProxy;
			containerPortal = BF694BF12264336100B4DD58 /* Project object */;
			proxyType = 1;
			remoteGlobalIDString = BF694BF82264336100B4DD58;
			remoteInfo = OCTest;
		};
/* End PBXContainerItemProxy section */

/* Begin PBXFileReference section */
		05B5682A1DFA4C7BAF255F52 /* Pods-OCTestTests.release.xcconfig */ = {isa = PBXFileReference; includeInIndex = 1; lastKnownFileType = text.xcconfig; name = "Pods-OCTestTests.release.xcconfig"; path = "Pods/Target Support Files/Pods-OCTestTests/Pods-OCTestTests.release.xcconfig"; sourceTree = "<group>"; };
		307C7A1326BB765E91A3F404 /* libPods-OCTestUITests.a */ = {isa = PBXFileReference; explicitFileType = archive.ar; includeInIndex = 0; path = "libPods-OCTestUITests.a"; sourceTree = BUILT_PRODUCTS_DIR; };
		3AD5BCA32E1F49CDFFD21C07 /* Pods-OCTest.release.xcconfig */ = {isa = PBXFileReference; includeInIndex = 1; lastKnownFileType = text.xcconfig; name = "Pods-OCTest.release.xcconfig"; path = "Pods/Target Support Files/Pods-OCTest/Pods-OCTest.release.xcconfig"; sourceTree = "<group>"; };
		7213667AFA1EE484506BD788 /* libPods-OCTestTests.a */ = {isa = PBXFileReference; explicitFileType = archive.ar; includeInIndex = 0; path = "libPods-OCTestTests.a"; sourceTree = BUILT_PRODUCTS_DIR; };
		777A89AFB48AADED77A85B59 /* Pods-OCTestTests.debug.xcconfig */ = {isa = PBXFileReference; includeInIndex = 1; lastKnownFileType = text.xcconfig; name = "Pods-OCTestTests.debug.xcconfig"; path = "Pods/Target Support Files/Pods-OCTestTests/Pods-OCTestTests.debug.xcconfig"; sourceTree = "<group>"; };
		9E5CB8A6D922B4EA6BE97D57 /* Pods-OCTestUITests.debug.xcconfig */ = {isa = PBXFileReference; includeInIndex = 1; lastKnownFileType = text.xcconfig; name = "Pods-OCTestUITests.debug.xcconfig"; path = "Pods/Target Support Files/Pods-OCTestUITests/Pods-OCTestUITests.debug.xcconfig"; sourceTree = "<group>"; };
		A6BF756FEFE245BB12FF3752 /* Pods-OCTestUITests.release.xcconfig */ = {isa = PBXFileReference; includeInIndex = 1; lastKnownFileType = text.xcconfig; name = "Pods-OCTestUITests.release.xcconfig"; path = "Pods/Target Support Files/Pods-OCTestUITests/Pods-OCTestUITests.release.xcconfig"; sourceTree = "<group>"; };
		BF694BF92264336100B4DD58 /* OCTest.app */ = {isa = PBXFileReference; explicitFileType = wrapper.application; includeInIndex = 0; path = OCTest.app; sourceTree = BUILT_PRODUCTS_DIR; };
		BF694BFC2264336100B4DD58 /* AppDelegate.h */ = {isa = PBXFileReference; lastKnownFileType = sourcecode.c.h; path = AppDelegate.h; sourceTree = "<group>"; };
		BF694BFD2264336100B4DD58 /* AppDelegate.m */ = {isa = PBXFileReference; lastKnownFileType = sourcecode.c.objc; path = AppDelegate.m; sourceTree = "<group>"; };
		BF694BFF2264336100B4DD58 /* ViewController.h */ = {isa = PBXFileReference; lastKnownFileType = sourcecode.c.h; path = ViewController.h; sourceTree = "<group>"; };
		BF694C002264336100B4DD58 /* ViewController.m */ = {isa = PBXFileReference; lastKnownFileType = sourcecode.c.objc; path = ViewController.m; sourceTree = "<group>"; };
		BF694C032264336100B4DD58 /* Base */ = {isa = PBXFileReference; lastKnownFileType = file.storyboard; name = Base; path = Base.lproj/Main.storyboard; sourceTree = "<group>"; };
		BF694C052264336300B4DD58 /* Assets.xcassets */ = {isa = PBXFileReference; lastKnownFileType = folder.assetcatalog; path = Assets.xcassets; sourceTree = "<group>"; };
		BF694C082264336300B4DD58 /* Base */ = {isa = PBXFileReference; lastKnownFileType = file.storyboard; name = Base; path = Base.lproj/LaunchScreen.storyboard; sourceTree = "<group>"; };
		BF694C0A2264336300B4DD58 /* Info.plist */ = {isa = PBXFileReference; lastKnownFileType = text.plist.xml; path = Info.plist; sourceTree = "<group>"; };
		BF694C0B2264336300B4DD58 /* main.m */ = {isa = PBXFileReference; lastKnownFileType = sourcecode.c.objc; path = main.m; sourceTree = "<group>"; };
		BF694C112264336300B4DD58 /* OCTestTests.xctest */ = {isa = PBXFileReference; explicitFileType = wrapper.cfbundle; includeInIndex = 0; path = OCTestTests.xctest; sourceTree = BUILT_PRODUCTS_DIR; };
		BF694C152264336300B4DD58 /* OCTestTests.m */ = {isa = PBXFileReference; lastKnownFileType = sourcecode.c.objc; path = OCTestTests.m; sourceTree = "<group>"; };
		BF694C172264336300B4DD58 /* Info.plist */ = {isa = PBXFileReference; lastKnownFileType = text.plist.xml; path = Info.plist; sourceTree = "<group>"; };
		BF694C1C2264336300B4DD58 /* OCTestUITests.xctest */ = {isa = PBXFileReference; explicitFileType = wrapper.cfbundle; includeInIndex = 0; path = OCTestUITests.xctest; sourceTree = BUILT_PRODUCTS_DIR; };
		BF694C202264336300B4DD58 /* OCTestUITests.m */ = {isa = PBXFileReference; lastKnownFileType = sourcecode.c.objc; path = OCTestUITests.m; sourceTree = "<group>"; };
		BF694C222264336300B4DD58 /* Info.plist */ = {isa = PBXFileReference; lastKnownFileType = text.plist.xml; path = Info.plist; sourceTree = "<group>"; };
		BF694C2E2264337700B4DD58 /* TestModelA.h */ = {isa = PBXFileReference; lastKnownFileType = sourcecode.c.h; path = TestModelA.h; sourceTree = "<group>"; };
		BF694C2F2264337700B4DD58 /* TestModelA.m */ = {isa = PBXFileReference; lastKnownFileType = sourcecode.c.objc; path = TestModelA.m; sourceTree = "<group>"; };
		BF694C312264338600B4DD58 /* TestModelB.h */ = {isa = PBXFileReference; lastKnownFileType = sourcecode.c.h; path = TestModelB.h; sourceTree = "<group>"; };
		BF694C322264338600B4DD58 /* TestModelB.m */ = {isa = PBXFileReference; lastKnownFileType = sourcecode.c.objc; path = TestModelB.m; sourceTree = "<group>"; };
		BF694C3422657CDC00B4DD58 /* CpuUsage.h */ = {isa = PBXFileReference; lastKnownFileType = sourcecode.c.h; path = CpuUsage.h; sourceTree = "<group>"; };
		BF694C3522657CDC00B4DD58 /* CpuUsage.m */ = {isa = PBXFileReference; lastKnownFileType = sourcecode.c.objc; path = CpuUsage.m; sourceTree = "<group>"; };
		BF694C372265893E00B4DD58 /* FPSMonitor.h */ = {isa = PBXFileReference; lastKnownFileType = sourcecode.c.h; path = FPSMonitor.h; sourceTree = "<group>"; };
		BF694C382265893E00B4DD58 /* FPSMonitor.m */ = {isa = PBXFileReference; lastKnownFileType = sourcecode.c.objc; path = FPSMonitor.m; sourceTree = "<group>"; };
		BF694C3A2265B3DA00B4DD58 /* MemoryUsage.h */ = {isa = PBXFileReference; lastKnownFileType = sourcecode.c.h; path = MemoryUsage.h; sourceTree = "<group>"; };
		BF694C3B2265B3DA00B4DD58 /* MemoryUsage.m */ = {isa = PBXFileReference; lastKnownFileType = sourcecode.c.objc; path = MemoryUsage.m; sourceTree = "<group>"; };
		BF694C3D2265D7F300B4DD58 /* PerformanceMonitor.h */ = {isa = PBXFileReference; lastKnownFileType = sourcecode.c.h; path = PerformanceMonitor.h; sourceTree = "<group>"; };
		BF694C3E2265D7F300B4DD58 /* PerformanceMonitor.m */ = {isa = PBXFileReference; lastKnownFileType = sourcecode.c.objc; path = PerformanceMonitor.m; sourceTree = "<group>"; };
		BFD3F68A237E802200E949A1 /* CustomConcurrentOperation.h */ = {isa = PBXFileReference; lastKnownFileType = sourcecode.c.h; path = CustomConcurrentOperation.h; sourceTree = "<group>"; };
		BFD3F68B237E802200E949A1 /* CustomConcurrentOperation.m */ = {isa = PBXFileReference; lastKnownFileType = sourcecode.c.objc; path = CustomConcurrentOperation.m; sourceTree = "<group>"; };
		D256D6C34F15DCC5DF5A75C5 /* Pods-OCTest.debug.xcconfig */ = {isa = PBXFileReference; includeInIndex = 1; lastKnownFileType = text.xcconfig; name = "Pods-OCTest.debug.xcconfig"; path = "Pods/Target Support Files/Pods-OCTest/Pods-OCTest.debug.xcconfig"; sourceTree = "<group>"; };
		D39C2A3A0B751896865E97A1 /* libPods-OCTest.a */ = {isa = PBXFileReference; explicitFileType = archive.ar; includeInIndex = 0; path = "libPods-OCTest.a"; sourceTree = BUILT_PRODUCTS_DIR; };
/* End PBXFileReference section */

/* Begin PBXFrameworksBuildPhase section */
		BF694BF62264336100B4DD58 /* Frameworks */ = {
			isa = PBXFrameworksBuildPhase;
			buildActionMask = 2147483647;
			files = (
				7824B6C3EF77CDC1CEDAC7DF /* libPods-OCTest.a in Frameworks */,
			);
			runOnlyForDeploymentPostprocessing = 0;
		};
		BF694C0E2264336300B4DD58 /* Frameworks */ = {
			isa = PBXFrameworksBuildPhase;
			buildActionMask = 2147483647;
			files = (
				F8077B79441681293505E57E /* libPods-OCTestTests.a in Frameworks */,
			);
			runOnlyForDeploymentPostprocessing = 0;
		};
		BF694C192264336300B4DD58 /* Frameworks */ = {
			isa = PBXFrameworksBuildPhase;
			buildActionMask = 2147483647;
			files = (
				623CBD977D0C097165A9452B /* libPods-OCTestUITests.a in Frameworks */,
			);
			runOnlyForDeploymentPostprocessing = 0;
		};
/* End PBXFrameworksBuildPhase section */

/* Begin PBXGroup section */
		5D400E25E9D50E5F76B4C041 /* Pods */ = {
			isa = PBXGroup;
			children = (
				D256D6C34F15DCC5DF5A75C5 /* Pods-OCTest.debug.xcconfig */,
				3AD5BCA32E1F49CDFFD21C07 /* Pods-OCTest.release.xcconfig */,
				777A89AFB48AADED77A85B59 /* Pods-OCTestTests.debug.xcconfig */,
				05B5682A1DFA4C7BAF255F52 /* Pods-OCTestTests.release.xcconfig */,
				9E5CB8A6D922B4EA6BE97D57 /* Pods-OCTestUITests.debug.xcconfig */,
				A6BF756FEFE245BB12FF3752 /* Pods-OCTestUITests.release.xcconfig */,
			);
			name = Pods;
			sourceTree = "<group>";
		};
		BF694BF02264336100B4DD58 = {
			isa = PBXGroup;
			children = (
				BF694BFB2264336100B4DD58 /* OCTest */,
				BF694C142264336300B4DD58 /* OCTestTests */,
				BF694C1F2264336300B4DD58 /* OCTestUITests */,
				BF694BFA2264336100B4DD58 /* Products */,
				5D400E25E9D50E5F76B4C041 /* Pods */,
				D4ED3BB49157BCF38080C8A2 /* Frameworks */,
			);
			sourceTree = "<group>";
		};
		BF694BFA2264336100B4DD58 /* Products */ = {
			isa = PBXGroup;
			children = (
				BF694BF92264336100B4DD58 /* OCTest.app */,
				BF694C112264336300B4DD58 /* OCTestTests.xctest */,
				BF694C1C2264336300B4DD58 /* OCTestUITests.xctest */,
			);
			name = Products;
			sourceTree = "<group>";
		};
		BF694BFB2264336100B4DD58 /* OCTest */ = {
			isa = PBXGroup;
			children = (
				BF694BFC2264336100B4DD58 /* AppDelegate.h */,
				BF694BFD2264336100B4DD58 /* AppDelegate.m */,
				BF694BFF2264336100B4DD58 /* ViewController.h */,
				BF694C002264336100B4DD58 /* ViewController.m */,
				BF694C2E2264337700B4DD58 /* TestModelA.h */,
				BF694C2F2264337700B4DD58 /* TestModelA.m */,
				BF694C312264338600B4DD58 /* TestModelB.h */,
				BF694C322264338600B4DD58 /* TestModelB.m */,
				BF694C3422657CDC00B4DD58 /* CpuUsage.h */,
				BF694C3522657CDC00B4DD58 /* CpuUsage.m */,
				BF694C372265893E00B4DD58 /* FPSMonitor.h */,
				BF694C382265893E00B4DD58 /* FPSMonitor.m */,
				BF694C3A2265B3DA00B4DD58 /* MemoryUsage.h */,
				BF694C3B2265B3DA00B4DD58 /* MemoryUsage.m */,
				BF694C3D2265D7F300B4DD58 /* PerformanceMonitor.h */,
				BF694C3E2265D7F300B4DD58 /* PerformanceMonitor.m */,
				BFD3F68A237E802200E949A1 /* CustomConcurrentOperation.h */,
				BFD3F68B237E802200E949A1 /* CustomConcurrentOperation.m */,
				BF694C022264336100B4DD58 /* Main.storyboard */,
				BF694C052264336300B4DD58 /* Assets.xcassets */,
				BF694C072264336300B4DD58 /* LaunchScreen.storyboard */,
				BF694C0A2264336300B4DD58 /* Info.plist */,
				BF694C0B2264336300B4DD58 /* main.m */,
			);
			path = OCTest;
			sourceTree = "<group>";
		};
		BF694C142264336300B4DD58 /* OCTestTests */ = {
			isa = PBXGroup;
			children = (
				BF694C152264336300B4DD58 /* OCTestTests.m */,
				BF694C172264336300B4DD58 /* Info.plist */,
			);
			path = OCTestTests;
			sourceTree = "<group>";
		};
		BF694C1F2264336300B4DD58 /* OCTestUITests */ = {
			isa = PBXGroup;
			children = (
				BF694C202264336300B4DD58 /* OCTestUITests.m */,
				BF694C222264336300B4DD58 /* Info.plist */,
			);
			path = OCTestUITests;
			sourceTree = "<group>";
		};
		D4ED3BB49157BCF38080C8A2 /* Frameworks */ = {
			isa = PBXGroup;
			children = (
				D39C2A3A0B751896865E97A1 /* libPods-OCTest.a */,
				7213667AFA1EE484506BD788 /* libPods-OCTestTests.a */,
				307C7A1326BB765E91A3F404 /* libPods-OCTestUITests.a */,
			);
			name = Frameworks;
			sourceTree = "<group>";
		};
/* End PBXGroup section */

/* Begin PBXNativeTarget section */
		BF694BF82264336100B4DD58 /* OCTest */ = {
			isa = PBXNativeTarget;
			buildConfigurationList = BF694C252264336300B4DD58 /* Build configuration list for PBXNativeTarget "OCTest" */;
			buildPhases = (
				4C794FAC010FDF8B6A7E7ADA /* [CP] Check Pods Manifest.lock */,
				BF694BF52264336100B4DD58 /* Sources */,
				BF694BF62264336100B4DD58 /* Frameworks */,
				BF694BF72264336100B4DD58 /* Resources */,
				C3DB08B1ADE55E6933F2361B /* [CP] Embed Pods Frameworks */,
				EBFC7E96718C855EE0C10B4B /* [CP] Copy Pods Resources */,
			);
			buildRules = (
			);
			dependencies = (
			);
			name = OCTest;
			productName = OCTest;
			productReference = BF694BF92264336100B4DD58 /* OCTest.app */;
			productType = "com.apple.product-type.application";
		};
		BF694C102264336300B4DD58 /* OCTestTests */ = {
			isa = PBXNativeTarget;
			buildConfigurationList = BF694C282264336300B4DD58 /* Build configuration list for PBXNativeTarget "OCTestTests" */;
			buildPhases = (
				961C5DCFEF9981CA99C7D347 /* [CP] Check Pods Manifest.lock */,
				BF694C0D2264336300B4DD58 /* Sources */,
				BF694C0E2264336300B4DD58 /* Frameworks */,
				BF694C0F2264336300B4DD58 /* Resources */,
				E4A60ED1F1F4E26A16AB9D0E /* [CP] Embed Pods Frameworks */,
				E950C8FC6A0F6053FD98ABE7 /* [CP] Copy Pods Resources */,
			);
			buildRules = (
			);
			dependencies = (
				BF694C132264336300B4DD58 /* PBXTargetDependency */,
			);
			name = OCTestTests;
			productName = OCTestTests;
			productReference = BF694C112264336300B4DD58 /* OCTestTests.xctest */;
			productType = "com.apple.product-type.bundle.unit-test";
		};
		BF694C1B2264336300B4DD58 /* OCTestUITests */ = {
			isa = PBXNativeTarget;
			buildConfigurationList = BF694C2B2264336300B4DD58 /* Build configuration list for PBXNativeTarget "OCTestUITests" */;
			buildPhases = (
				E4DA2AD1088AF5BABEC591ED /* [CP] Check Pods Manifest.lock */,
				BF694C182264336300B4DD58 /* Sources */,
				BF694C192264336300B4DD58 /* Frameworks */,
				BF694C1A2264336300B4DD58 /* Resources */,
				779C2336BAE811070120346D /* [CP] Embed Pods Frameworks */,
				887774241A41C5194310A99F /* [CP] Copy Pods Resources */,
			);
			buildRules = (
			);
			dependencies = (
				BF694C1E2264336300B4DD58 /* PBXTargetDependency */,
			);
			name = OCTestUITests;
			productName = OCTestUITests;
			productReference = BF694C1C2264336300B4DD58 /* OCTestUITests.xctest */;
			productType = "com.apple.product-type.bundle.ui-testing";
		};
/* End PBXNativeTarget section */

/* Begin PBXProject section */
		BF694BF12264336100B4DD58 /* Project object */ = {
			isa = PBXProject;
			attributes = {
				LastUpgradeCheck = 1020;
				ORGANIZATIONNAME = "Jun Zhou";
				TargetAttributes = {
					BF694BF82264336100B4DD58 = {
						CreatedOnToolsVersion = 10.2;
					};
					BF694C102264336300B4DD58 = {
						CreatedOnToolsVersion = 10.2;
						TestTargetID = BF694BF82264336100B4DD58;
					};
					BF694C1B2264336300B4DD58 = {
						CreatedOnToolsVersion = 10.2;
						TestTargetID = BF694BF82264336100B4DD58;
					};
				};
			};
			buildConfigurationList = BF694BF42264336100B4DD58 /* Build configuration list for PBXProject "OCTest" */;
			compatibilityVersion = "Xcode 9.3";
			developmentRegion = en;
			hasScannedForEncodings = 0;
			knownRegions = (
				en,
				Base,
			);
			mainGroup = BF694BF02264336100B4DD58;
			productRefGroup = BF694BFA2264336100B4DD58 /* Products */;
			projectDirPath = "";
			projectRoot = "";
			targets = (
				BF694BF82264336100B4DD58 /* OCTest */,
				BF694C102264336300B4DD58 /* OCTestTests */,
				BF694C1B2264336300B4DD58 /* OCTestUITests */,
			);
		};
/* End PBXProject section */

/* Begin PBXResourcesBuildPhase section */
		BF694BF72264336100B4DD58 /* Resources */ = {
			isa = PBXResourcesBuildPhase;
			buildActionMask = 2147483647;
			files = (
				BF694C092264336300B4DD58 /* LaunchScreen.storyboard in Resources */,
				BF694C062264336300B4DD58 /* Assets.xcassets in Resources */,
				BF694C042264336100B4DD58 /* Main.storyboard in Resources */,
			);
			runOnlyForDeploymentPostprocessing = 0;
		};
		BF694C0F2264336300B4DD58 /* Resources */ = {
			isa = PBXResourcesBuildPhase;
			buildActionMask = 2147483647;
			files = (
			);
			runOnlyForDeploymentPostprocessing = 0;
		};
		BF694C1A2264336300B4DD58 /* Resources */ = {
			isa = PBXResourcesBuildPhase;
			buildActionMask = 2147483647;
			files = (
			);
			runOnlyForDeploymentPostprocessing = 0;
		};
/* End PBXResourcesBuildPhase section */

/* Begin PBXShellScriptBuildPhase section */
		4C794FAC010FDF8B6A7E7ADA /* [CP] Check Pods Manifest.lock */ = {
			isa = PBXShellScriptBuildPhase;
			buildActionMask = 2147483647;
			files = (
			);
			inputFileListPaths = (
			);
			inputPaths = (
				"${PODS_PODFILE_DIR_PATH}/Podfile.lock",
				"${PODS_ROOT}/Manifest.lock",
			);
			name = "[CP] Check Pods Manifest.lock";
			outputFileListPaths = (
			);
			outputPaths = (
				"$(DERIVED_FILE_DIR)/Pods-OCTest-checkManifestLockResult.txt",
			);
			runOnlyForDeploymentPostprocessing = 0;
			shellPath = /bin/sh;
			shellScript = "diff \"${PODS_PODFILE_DIR_PATH}/Podfile.lock\" \"${PODS_ROOT}/Manifest.lock\" > /dev/null\nif [ $? != 0 ] ; then\n    # print error to STDERR\n    echo \"error: The sandbox is not in sync with the Podfile.lock. Run 'pod install' or update your CocoaPods installation.\" >&2\n    exit 1\nfi\n# This output is used by Xcode 'outputs' to avoid re-running this script phase.\necho \"SUCCESS\" > \"${SCRIPT_OUTPUT_FILE_0}\"\n";
			showEnvVarsInLog = 0;
		};
		779C2336BAE811070120346D /* [CP] Embed Pods Frameworks */ = {
			isa = PBXShellScriptBuildPhase;
			buildActionMask = 2147483647;
			files = (
			);
			inputFileListPaths = (
			);
			inputPaths = (
			);
			name = "[CP] Embed Pods Frameworks";
			outputFileListPaths = (
			);
			outputPaths = (
			);
			runOnlyForDeploymentPostprocessing = 0;
			shellPath = /bin/sh;
			shellScript = "\"${SRCROOT}/Pods/Target Support Files/Pods-OCTestUITests/Pods-OCTestUITests-frameworks.sh\"\n";
			showEnvVarsInLog = 0;
		};
		887774241A41C5194310A99F /* [CP] Copy Pods Resources */ = {
			isa = PBXShellScriptBuildPhase;
			buildActionMask = 2147483647;
			files = (
			);
			inputFileListPaths = (
			);
			inputPaths = (
			);
			name = "[CP] Copy Pods Resources";
			outputFileListPaths = (
			);
			outputPaths = (
			);
			runOnlyForDeploymentPostprocessing = 0;
			shellPath = /bin/sh;
			shellScript = "\"${SRCROOT}/Pods/Target Support Files/Pods-OCTestUITests/Pods-OCTestUITests-resources.sh\"\n";
			showEnvVarsInLog = 0;
		};
		961C5DCFEF9981CA99C7D347 /* [CP] Check Pods Manifest.lock */ = {
			isa = PBXShellScriptBuildPhase;
			buildActionMask = 2147483647;
			files = (
			);
			inputFileListPaths = (
			);
			inputPaths = (
				"${PODS_PODFILE_DIR_PATH}/Podfile.lock",
				"${PODS_ROOT}/Manifest.lock",
			);
			name = "[CP] Check Pods Manifest.lock";
			outputFileListPaths = (
			);
			outputPaths = (
				"$(DERIVED_FILE_DIR)/Pods-OCTestTests-checkManifestLockResult.txt",
			);
			runOnlyForDeploymentPostprocessing = 0;
			shellPath = /bin/sh;
			shellScript = "diff \"${PODS_PODFILE_DIR_PATH}/Podfile.lock\" \"${PODS_ROOT}/Manifest.lock\" > /dev/null\nif [ $? != 0 ] ; then\n    # print error to STDERR\n    echo \"error: The sandbox is not in sync with the Podfile.lock. Run 'pod install' or update your CocoaPods installation.\" >&2\n    exit 1\nfi\n# This output is used by Xcode 'outputs' to avoid re-running this script phase.\necho \"SUCCESS\" > \"${SCRIPT_OUTPUT_FILE_0}\"\n";
			showEnvVarsInLog = 0;
		};
		C3DB08B1ADE55E6933F2361B /* [CP] Embed Pods Frameworks */ = {
			isa = PBXShellScriptBuildPhase;
			buildActionMask = 2147483647;
			files = (
			);
			inputFileListPaths = (
			);
			inputPaths = (
			);
			name = "[CP] Embed Pods Frameworks";
			outputFileListPaths = (
			);
			outputPaths = (
			);
			runOnlyForDeploymentPostprocessing = 0;
			shellPath = /bin/sh;
			shellScript = "\"${SRCROOT}/Pods/Target Support Files/Pods-OCTest/Pods-OCTest-frameworks.sh\"\n";
			showEnvVarsInLog = 0;
		};
		E4A60ED1F1F4E26A16AB9D0E /* [CP] Embed Pods Frameworks */ = {
			isa = PBXShellScriptBuildPhase;
			buildActionMask = 2147483647;
			files = (
			);
			inputFileListPaths = (
			);
			inputPaths = (
			);
			name = "[CP] Embed Pods Frameworks";
			outputFileListPaths = (
			);
			outputPaths = (
			);
			runOnlyForDeploymentPostprocessing = 0;
			shellPath = /bin/sh;
			shellScript = "\"${SRCROOT}/Pods/Target Support Files/Pods-OCTestTests/Pods-OCTestTests-frameworks.sh\"\n";
			showEnvVarsInLog = 0;
		};
		E4DA2AD1088AF5BABEC591ED /* [CP] Check Pods Manifest.lock */ = {
			isa = PBXShellScriptBuildPhase;
			buildActionMask = 2147483647;
			files = (
			);
			inputFileListPaths = (
			);
			inputPaths = (
				"${PODS_PODFILE_DIR_PATH}/Podfile.lock",
				"${PODS_ROOT}/Manifest.lock",
			);
			name = "[CP] Check Pods Manifest.lock";
			outputFileListPaths = (
			);
			outputPaths = (
				"$(DERIVED_FILE_DIR)/Pods-OCTestUITests-checkManifestLockResult.txt",
			);
			runOnlyForDeploymentPostprocessing = 0;
			shellPath = /bin/sh;
			shellScript = "diff \"${PODS_PODFILE_DIR_PATH}/Podfile.lock\" \"${PODS_ROOT}/Manifest.lock\" > /dev/null\nif [ $? != 0 ] ; then\n    # print error to STDERR\n    echo \"error: The sandbox is not in sync with the Podfile.lock. Run 'pod install' or update your CocoaPods installation.\" >&2\n    exit 1\nfi\n# This output is used by Xcode 'outputs' to avoid re-running this script phase.\necho \"SUCCESS\" > \"${SCRIPT_OUTPUT_FILE_0}\"\n";
			showEnvVarsInLog = 0;
		};
		E950C8FC6A0F6053FD98ABE7 /* [CP] Copy Pods Resources */ = {
			isa = PBXShellScriptBuildPhase;
			buildActionMask = 2147483647;
			files = (
			);
			inputFileListPaths = (
			);
			inputPaths = (
			);
			name = "[CP] Copy Pods Resources";
			outputFileListPaths = (
			);
			outputPaths = (
			);
			runOnlyForDeploymentPostprocessing = 0;
			shellPath = /bin/sh;
			shellScript = "\"${SRCROOT}/Pods/Target Support Files/Pods-OCTestTests/Pods-OCTestTests-resources.sh\"\n";
			showEnvVarsInLog = 0;
		};
		EBFC7E96718C855EE0C10B4B /* [CP] Copy Pods Resources */ = {
			isa = PBXShellScriptBuildPhase;
			buildActionMask = 2147483647;
			files = (
			);
			inputFileListPaths = (
			);
			inputPaths = (
				"${SRCROOT}/Pods/Target Support Files/Pods-OCTest/Pods-OCTest-resources.sh",
				"${PODS_ROOT}/Debugo/Debugo/Plugin/DGBase/Assets/Debugo.bundle",
			);
			name = "[CP] Copy Pods Resources";
			outputFileListPaths = (
			);
			outputPaths = (
				"${TARGET_BUILD_DIR}/${UNLOCALIZED_RESOURCES_FOLDER_PATH}/Debugo.bundle",
			);
			runOnlyForDeploymentPostprocessing = 0;
			shellPath = /bin/sh;
			shellScript = "\"${SRCROOT}/Pods/Target Support Files/Pods-OCTest/Pods-OCTest-resources.sh\"\n";
			showEnvVarsInLog = 0;
		};
/* End PBXShellScriptBuildPhase section */

/* Begin PBXSourcesBuildPhase section */
		BF694BF52264336100B4DD58 /* Sources */ = {
			isa = PBXSourcesBuildPhase;
			buildActionMask = 2147483647;
			files = (
				BF694C3622657CDC00B4DD58 /* CpuUsage.m in Sources */,
				BF694C012264336100B4DD58 /* ViewController.m in Sources */,
				BF694C332264338600B4DD58 /* TestModelB.m in Sources */,
				BF694C392265893E00B4DD58 /* FPSMonitor.m in Sources */,
				BF694C302264337700B4DD58 /* TestModelA.m in Sources */,
				BF694C0C2264336300B4DD58 /* main.m in Sources */,
				BF694C3F2265D7F300B4DD58 /* PerformanceMonitor.m in Sources */,
				BFD3F68C237E802200E949A1 /* CustomConcurrentOperation.m in Sources */,
				BF694C3C2265B3DA00B4DD58 /* MemoryUsage.m in Sources */,
				BF694BFE2264336100B4DD58 /* AppDelegate.m in Sources */,
			);
			runOnlyForDeploymentPostprocessing = 0;
		};
		BF694C0D2264336300B4DD58 /* Sources */ = {
			isa = PBXSourcesBuildPhase;
			buildActionMask = 2147483647;
			files = (
				BF694C162264336300B4DD58 /* OCTestTests.m in Sources */,
			);
			runOnlyForDeploymentPostprocessing = 0;
		};
		BF694C182264336300B4DD58 /* Sources */ = {
			isa = PBXSourcesBuildPhase;
			buildActionMask = 2147483647;
			files = (
				BF694C212264336300B4DD58 /* OCTestUITests.m in Sources */,
			);
			runOnlyForDeploymentPostprocessing = 0;
		};
/* End PBXSourcesBuildPhase section */

/* Begin PBXTargetDependency section */
		BF694C132264336300B4DD58 /* PBXTargetDependency */ = {
			isa = PBXTargetDependency;
			target = BF694BF82264336100B4DD58 /* OCTest */;
			targetProxy = BF694C122264336300B4DD58 /* PBXContainerItemProxy */;
		};
		BF694C1E2264336300B4DD58 /* PBXTargetDependency */ = {
			isa = PBXTargetDependency;
			target = BF694BF82264336100B4DD58 /* OCTest */;
			targetProxy = BF694C1D2264336300B4DD58 /* PBXContainerItemProxy */;
		};
/* End PBXTargetDependency section */

/* Begin PBXVariantGroup section */
		BF694C022264336100B4DD58 /* Main.storyboard */ = {
			isa = PBXVariantGroup;
			children = (
				BF694C032264336100B4DD58 /* Base */,
			);
			name = Main.storyboard;
			sourceTree = "<group>";
		};
		BF694C072264336300B4DD58 /* LaunchScreen.storyboard */ = {
			isa = PBXVariantGroup;
			children = (
				BF694C082264336300B4DD58 /* Base */,
			);
			name = LaunchScreen.storyboard;
			sourceTree = "<group>";
		};
/* End PBXVariantGroup section */

/* Begin XCBuildConfiguration section */
		BF694C232264336300B4DD58 /* Debug */ = {
			isa = XCBuildConfiguration;
			buildSettings = {
				ALWAYS_SEARCH_USER_PATHS = NO;
				CLANG_ANALYZER_NONNULL = YES;
				CLANG_ANALYZER_NUMBER_OBJECT_CONVERSION = YES_AGGRESSIVE;
				CLANG_CXX_LANGUAGE_STANDARD = "gnu++14";
				CLANG_CXX_LIBRARY = "libc++";
				CLANG_ENABLE_MODULES = YES;
				CLANG_ENABLE_OBJC_ARC = YES;
				CLANG_ENABLE_OBJC_WEAK = YES;
				CLANG_WARN_BLOCK_CAPTURE_AUTORELEASING = YES;
				CLANG_WARN_BOOL_CONVERSION = YES;
				CLANG_WARN_COMMA = YES;
				CLANG_WARN_CONSTANT_CONVERSION = YES;
				CLANG_WARN_DEPRECATED_OBJC_IMPLEMENTATIONS = YES;
				CLANG_WARN_DIRECT_OBJC_ISA_USAGE = YES_ERROR;
				CLANG_WARN_DOCUMENTATION_COMMENTS = YES;
				CLANG_WARN_EMPTY_BODY = YES;
				CLANG_WARN_ENUM_CONVERSION = YES;
				CLANG_WARN_INFINITE_RECURSION = YES;
				CLANG_WARN_INT_CONVERSION = YES;
				CLANG_WARN_NON_LITERAL_NULL_CONVERSION = YES;
				CLANG_WARN_OBJC_IMPLICIT_RETAIN_SELF = YES;
				CLANG_WARN_OBJC_LITERAL_CONVERSION = YES;
				CLANG_WARN_OBJC_ROOT_CLASS = YES_ERROR;
				CLANG_WARN_RANGE_LOOP_ANALYSIS = YES;
				CLANG_WARN_STRICT_PROTOTYPES = YES;
				CLANG_WARN_SUSPICIOUS_MOVE = YES;
				CLANG_WARN_UNGUARDED_AVAILABILITY = YES_AGGRESSIVE;
				CLANG_WARN_UNREACHABLE_CODE = YES;
				CLANG_WARN__DUPLICATE_METHOD_MATCH = YES;
				CODE_SIGN_IDENTITY = "iPhone Developer";
				COPY_PHASE_STRIP = NO;
				DEBUG_INFORMATION_FORMAT = dwarf;
				ENABLE_STRICT_OBJC_MSGSEND = YES;
				ENABLE_TESTABILITY = YES;
				GCC_C_LANGUAGE_STANDARD = gnu11;
				GCC_DYNAMIC_NO_PIC = NO;
				GCC_NO_COMMON_BLOCKS = YES;
				GCC_OPTIMIZATION_LEVEL = 0;
				GCC_PREPROCESSOR_DEFINITIONS = (
					"DEBUG=1",
					"$(inherited)",
				);
				GCC_WARN_64_TO_32_BIT_CONVERSION = YES;
				GCC_WARN_ABOUT_RETURN_TYPE = YES_ERROR;
				GCC_WARN_UNDECLARED_SELECTOR = YES;
				GCC_WARN_UNINITIALIZED_AUTOS = YES_AGGRESSIVE;
				GCC_WARN_UNUSED_FUNCTION = YES;
				GCC_WARN_UNUSED_VARIABLE = YES;
				IPHONEOS_DEPLOYMENT_TARGET = 12.2;
				MTL_ENABLE_DEBUG_INFO = INCLUDE_SOURCE;
				MTL_FAST_MATH = YES;
				ONLY_ACTIVE_ARCH = YES;
				SDKROOT = iphoneos;
			};
			name = Debug;
		};
		BF694C242264336300B4DD58 /* Release */ = {
			isa = XCBuildConfiguration;
			buildSettings = {
				ALWAYS_SEARCH_USER_PATHS = NO;
				CLANG_ANALYZER_NONNULL = YES;
				CLANG_ANALYZER_NUMBER_OBJECT_CONVERSION = YES_AGGRESSIVE;
				CLANG_CXX_LANGUAGE_STANDARD = "gnu++14";
				CLANG_CXX_LIBRARY = "libc++";
				CLANG_ENABLE_MODULES = YES;
				CLANG_ENABLE_OBJC_ARC = YES;
				CLANG_ENABLE_OBJC_WEAK = YES;
				CLANG_WARN_BLOCK_CAPTURE_AUTORELEASING = YES;
				CLANG_WARN_BOOL_CONVERSION = YES;
				CLANG_WARN_COMMA = YES;
				CLANG_WARN_CONSTANT_CONVERSION = YES;
				CLANG_WARN_DEPRECATED_OBJC_IMPLEMENTATIONS = YES;
				CLANG_WARN_DIRECT_OBJC_ISA_USAGE = YES_ERROR;
				CLANG_WARN_DOCUMENTATION_COMMENTS = YES;
				CLANG_WARN_EMPTY_BODY = YES;
				CLANG_WARN_ENUM_CONVERSION = YES;
				CLANG_WARN_INFINITE_RECURSION = YES;
				CLANG_WARN_INT_CONVERSION = YES;
				CLANG_WARN_NON_LITERAL_NULL_CONVERSION = YES;
				CLANG_WARN_OBJC_IMPLICIT_RETAIN_SELF = YES;
				CLANG_WARN_OBJC_LITERAL_CONVERSION = YES;
				CLANG_WARN_OBJC_ROOT_CLASS = YES_ERROR;
				CLANG_WARN_RANGE_LOOP_ANALYSIS = YES;
				CLANG_WARN_STRICT_PROTOTYPES = YES;
				CLANG_WARN_SUSPICIOUS_MOVE = YES;
				CLANG_WARN_UNGUARDED_AVAILABILITY = YES_AGGRESSIVE;
				CLANG_WARN_UNREACHABLE_CODE = YES;
				CLANG_WARN__DUPLICATE_METHOD_MATCH = YES;
				CODE_SIGN_IDENTITY = "iPhone Developer";
				COPY_PHASE_STRIP = NO;
				DEBUG_INFORMATION_FORMAT = "dwarf-with-dsym";
				ENABLE_NS_ASSERTIONS = NO;
				ENABLE_STRICT_OBJC_MSGSEND = YES;
				GCC_C_LANGUAGE_STANDARD = gnu11;
				GCC_NO_COMMON_BLOCKS = YES;
				GCC_WARN_64_TO_32_BIT_CONVERSION = YES;
				GCC_WARN_ABOUT_RETURN_TYPE = YES_ERROR;
				GCC_WARN_UNDECLARED_SELECTOR = YES;
				GCC_WARN_UNINITIALIZED_AUTOS = YES_AGGRESSIVE;
				GCC_WARN_UNUSED_FUNCTION = YES;
				GCC_WARN_UNUSED_VARIABLE = YES;
				IPHONEOS_DEPLOYMENT_TARGET = 12.2;
				MTL_ENABLE_DEBUG_INFO = NO;
				MTL_FAST_MATH = YES;
				SDKROOT = iphoneos;
				VALIDATE_PRODUCT = YES;
			};
			name = Release;
		};
		BF694C262264336300B4DD58 /* Debug */ = {
			isa = XCBuildConfiguration;
			baseConfigurationReference = D256D6C34F15DCC5DF5A75C5 /* Pods-OCTest.debug.xcconfig */;
			buildSettings = {
				ASSETCATALOG_COMPILER_APPICON_NAME = AppIcon;
				CODE_SIGN_STYLE = Automatic;
				DEVELOPMENT_TEAM = 9M3BD9RSNM;
				INFOPLIST_FILE = OCTest/Info.plist;
				LD_RUNPATH_SEARCH_PATHS = (
					"$(inherited)",
					"@executable_path/Frameworks",
				);
				PRODUCT_BUNDLE_IDENTIFIER = www.zhou.wechat.test.OCTest;
				PRODUCT_NAME = "$(TARGET_NAME)";
				TARGETED_DEVICE_FAMILY = "1,2";
			};
			name = Debug;
		};
		BF694C272264336300B4DD58 /* Release */ = {
			isa = XCBuildConfiguration;
			baseConfigurationReference = 3AD5BCA32E1F49CDFFD21C07 /* Pods-OCTest.release.xcconfig */;
			buildSettings = {
				ASSETCATALOG_COMPILER_APPICON_NAME = AppIcon;
				CODE_SIGN_STYLE = Automatic;
				DEVELOPMENT_TEAM = 9M3BD9RSNM;
				INFOPLIST_FILE = OCTest/Info.plist;
				LD_RUNPATH_SEARCH_PATHS = (
					"$(inherited)",
					"@executable_path/Frameworks",
				);
				PRODUCT_BUNDLE_IDENTIFIER = www.zhou.wechat.test.OCTest;
				PRODUCT_NAME = "$(TARGET_NAME)";
				TARGETED_DEVICE_FAMILY = "1,2";
			};
			name = Release;
		};
		BF694C292264336300B4DD58 /* Debug */ = {
			isa = XCBuildConfiguration;
			baseConfigurationReference = 777A89AFB48AADED77A85B59 /* Pods-OCTestTests.debug.xcconfig */;
			buildSettings = {
				BUNDLE_LOADER = "$(TEST_HOST)";
				CODE_SIGN_STYLE = Automatic;
				DEVELOPMENT_TEAM = 9M3BD9RSNM;
				INFOPLIST_FILE = OCTestTests/Info.plist;
				LD_RUNPATH_SEARCH_PATHS = (
					"$(inherited)",
					"@executable_path/Frameworks",
					"@loader_path/Frameworks",
				);
				PRODUCT_BUNDLE_IDENTIFIER = www.zhou.wechat.test.OCTestTests;
				PRODUCT_NAME = "$(TARGET_NAME)";
				TARGETED_DEVICE_FAMILY = "1,2";
				TEST_HOST = "$(BUILT_PRODUCTS_DIR)/OCTest.app/OCTest";
			};
			name = Debug;
		};
		BF694C2A2264336300B4DD58 /* Release */ = {
			isa = XCBuildConfiguration;
			baseConfigurationReference = 05B5682A1DFA4C7BAF255F52 /* Pods-OCTestTests.release.xcconfig */;
			buildSettings = {
				BUNDLE_LOADER = "$(TEST_HOST)";
				CODE_SIGN_STYLE = Automatic;
				DEVELOPMENT_TEAM = 9M3BD9RSNM;
				INFOPLIST_FILE = OCTestTests/Info.plist;
				LD_RUNPATH_SEARCH_PATHS = (
					"$(inherited)",
					"@executable_path/Frameworks",
					"@loader_path/Frameworks",
				);
				PRODUCT_BUNDLE_IDENTIFIER = www.zhou.wechat.test.OCTestTests;
				PRODUCT_NAME = "$(TARGET_NAME)";
				TARGETED_DEVICE_FAMILY = "1,2";
				TEST_HOST = "$(BUILT_PRODUCTS_DIR)/OCTest.app/OCTest";
			};
			name = Release;
		};
		BF694C2C2264336300B4DD58 /* Debug */ = {
			isa = XCBuildConfiguration;
			baseConfigurationReference = 9E5CB8A6D922B4EA6BE97D57 /* Pods-OCTestUITests.debug.xcconfig */;
			buildSettings = {
				CODE_SIGN_STYLE = Automatic;
				DEVELOPMENT_TEAM = 9M3BD9RSNM;
				INFOPLIST_FILE = OCTestUITests/Info.plist;
				LD_RUNPATH_SEARCH_PATHS = (
					"$(inherited)",
					"@executable_path/Frameworks",
					"@loader_path/Frameworks",
				);
				PRODUCT_BUNDLE_IDENTIFIER = www.zhou.wechat.test.OCTestUITests;
				PRODUCT_NAME = "$(TARGET_NAME)";
				TARGETED_DEVICE_FAMILY = "1,2";
				TEST_TARGET_NAME = OCTest;
			};
			name = Debug;
		};
		BF694C2D2264336300B4DD58 /* Release */ = {
			isa = XCBuildConfiguration;
			baseConfigurationReference = A6BF756FEFE245BB12FF3752 /* Pods-OCTestUITests.release.xcconfig */;
			buildSettings = {
				CODE_SIGN_STYLE = Automatic;
				DEVELOPMENT_TEAM = 9M3BD9RSNM;
				INFOPLIST_FILE = OCTestUITests/Info.plist;
				LD_RUNPATH_SEARCH_PATHS = (
					"$(inherited)",
					"@executable_path/Frameworks",
					"@loader_path/Frameworks",
				);
				PRODUCT_BUNDLE_IDENTIFIER = www.zhou.wechat.test.OCTestUITests;
				PRODUCT_NAME = "$(TARGET_NAME)";
				TARGETED_DEVICE_FAMILY = "1,2";
				TEST_TARGET_NAME = OCTest;
			};
			name = Release;
		};
/* End XCBuildConfiguration section */

/* Begin XCConfigurationList section */
		BF694BF42264336100B4DD58 /* Build configuration list for PBXProject "OCTest" */ = {
			isa = XCConfigurationList;
			buildConfigurations = (
				BF694C232264336300B4DD58 /* Debug */,
				BF694C242264336300B4DD58 /* Release */,
			);
			defaultConfigurationIsVisible = 0;
			defaultConfigurationName = Release;
		};
		BF694C252264336300B4DD58 /* Build configuration list for PBXNativeTarget "OCTest" */ = {
			isa = XCConfigurationList;
			buildConfigurations = (
				BF694C262264336300B4DD58 /* Debug */,
				BF694C272264336300B4DD58 /* Release */,
			);
			defaultConfigurationIsVisible = 0;
			defaultConfigurationName = Release;
		};
		BF694C282264336300B4DD58 /* Build configuration list for PBXNativeTarget "OCTestTests" */ = {
			isa = XCConfigurationList;
			buildConfigurations = (
				BF694C292264336300B4DD58 /* Debug */,
				BF694C2A2264336300B4DD58 /* Release */,
			);
			defaultConfigurationIsVisible = 0;
			defaultConfigurationName = Release;
		};
		BF694C2B2264336300B4DD58 /* Build configuration list for PBXNativeTarget "OCTestUITests" */ = {
			isa = XCConfigurationList;
			buildConfigurations = (
				BF694C2C2264336300B4DD58 /* Debug */,
				BF694C2D2264336300B4DD58 /* Release */,
			);
			defaultConfigurationIsVisible = 0;
			defaultConfigurationName = Release;
		};
/* End XCConfigurationList section */
	};
	rootObject = BF694BF12264336100B4DD58 /* Project object */;
}
